
Microsoft Visual Studio Solution File, Format Version 12.00
# Visual Studio 15
VisualStudioVersion = 15.0.26124.0
MinimumVisualStudioVersion = 15.0.26124.0
Project("{2150E333-8FDC-42A3-9474-1A3956D46DE8}") = "src", "src", "{7B79DA95-1BBA-4CF5-B7FA-D1275B8E1A12}"
EndProject
Project("{FAE04EC0-301F-11D3-BF4B-00C04F79EFBC}") = "Bookstore", "src\Bookstore\Bookstore.csproj", "{BC7B26A2-018B-4DE3-8F72-3496228154CC}"
EndProject
Project("{2150E333-8FDC-42A3-9474-1A3956D46DE8}") = "test", "test", "{BD5D208B-9052-490B-A3B4-89B15C53B81B}"
EndProject
Project("{FAE04EC0-301F-11D3-BF4B-00C04F79EFBC}") = "BookstoreTests", "test\BookstoreTests\BookstoreTests.csproj", "{3C7108DF-F62F-4848-9823-9EE75B048A64}"
EndProject
Global
	GlobalSection(SolutionConfigurationPlatforms) = preSolution
		Debug|Any CPU = Debug|Any CPU
		Debug|x64 = Debug|x64
		Debug|x86 = Debug|x86
		Release|Any CPU = Release|Any CPU
		Release|x64 = Release|x64
		Release|x86 = Release|x86
	EndGlobalSection
	GlobalSection(SolutionProperties) = preSolution
		HideSolutionNode = FALSE
	EndGlobalSection
	GlobalSection(ProjectConfigurationPlatforms) = postSolution
		{BC7B26A2-018B-4DE3-8F72-3496228154CC}.Debug|Any CPU.ActiveCfg = Debug|Any CPU
		{BC7B26A2-018B-4DE3-8F72-3496228154CC}.Debug|Any CPU.Build.0 = Debug|Any CPU
		{BC7B26A2-018B-4DE3-8F72-3496228154CC}.Debug|x64.ActiveCfg = Debug|Any CPU
		{BC7B26A2-018B-4DE3-8F72-3496228154CC}.Debug|x64.Build.0 = Debug|Any CPU
		{BC7B26A2-018B-4DE3-8F72-3496228154CC}.Debug|x86.ActiveCfg = Debug|Any CPU
		{BC7B26A2-018B-4DE3-8F72-3496228154CC}.Debug|x86.Build.0 = Debug|Any CPU
		{BC7B26A2-018B-4DE3-8F72-3496228154CC}.Release|Any CPU.ActiveCfg = Release|Any CPU
		{BC7B26A2-018B-4DE3-8F72-3496228154CC}.Release|Any CPU.Build.0 = Release|Any CPU
		{BC7B26A2-018B-4DE3-8F72-3496228154CC}.Release|x64.ActiveCfg = Release|Any CPU
		{BC7B26A2-018B-4DE3-8F72-3496228154CC}.Release|x64.Build.0 = Release|Any CPU
		{BC7B26A2-018B-4DE3-8F72-3496228154CC}.Release|x86.ActiveCfg = Release|Any CPU
		{BC7B26A2-018B-4DE3-8F72-3496228154CC}.Release|x86.Build.0 = Release|Any CPU
		{3C7108DF-F62F-4848-9823-9EE75B048A64}.Debug|Any CPU.ActiveCfg = Debug|Any CPU
		{3C7108DF-F62F-4848-9823-9EE75B048A64}.Debug|Any CPU.Build.0 = Debug|Any CPU
		{3C7108DF-F62F-4848-9823-9EE75B048A64}.Debug|x64.ActiveCfg = Debug|Any CPU
		{3C7108DF-F62F-4848-9823-9EE75B048A64}.Debug|x64.Build.0 = Debug|Any CPU
		{3C7108DF-F62F-4848-9823-9EE75B048A64}.Debug|x86.ActiveCfg = Debug|Any CPU
		{3C7108DF-F62F-4848-9823-9EE75B048A64}.Debug|x86.Build.0 = Debug|Any CPU
		{3C7108DF-F62F-4848-9823-9EE75B048A64}.Release|Any CPU.ActiveCfg = Release|Any CPU
		{3C7108DF-F62F-4848-9823-9EE75B048A64}.Release|Any CPU.Build.0 = Release|Any CPU
		{3C7108DF-F62F-4848-9823-9EE75B048A64}.Release|x64.ActiveCfg = Release|Any CPU
		{3C7108DF-F62F-4848-9823-9EE75B048A64}.Release|x64.Build.0 = Release|Any CPU
		{3C7108DF-F62F-4848-9823-9EE75B048A64}.Release|x86.ActiveCfg = Release|Any CPU
		{3C7108DF-F62F-4848-9823-9EE75B048A64}.Release|x86.Build.0 = Release|Any CPU
	EndGlobalSection
	GlobalSection(NestedProjects) = preSolution
		{BC7B26A2-018B-4DE3-8F72-3496228154CC} = {7B79DA95-1BBA-4CF5-B7FA-D1275B8E1A12}
		{3C7108DF-F62F-4848-9823-9EE75B048A64} = {BD5D208B-9052-490B-A3B4-89B15C53B81B}
	EndGlobalSection
EndGlobal
